
Microsoft Visual Studio Solution File, Format Version 12.00
# Visual Studio Version 16
VisualStudioVersion = 16.0.31129.286
MinimumVisualStudioVersion = 10.0.40219.1
Project("{FAE04EC0-301F-11D3-BF4B-00C04F79EFBC}") = "ServiceBusConIssue", "ServiceBusConIssue\ServiceBusConIssue.csproj", "{085B3DF6-E112-4B13-B137-5FDA916D7D4B}"
EndProject
Project("{FAE04EC0-301F-11D3-BF4B-00C04F79EFBC}") = "ServiceBusSender", "ServiceBusSender\ServiceBusSender.csproj", "{24DDA43C-7740-4A64-947C-FA9D146E8DA4}"
EndProject
Global
	GlobalSection(SolutionConfigurationPlatforms) = preSolution
		Debug|Any CPU = Debug|Any CPU
		Release|Any CPU = Release|Any CPU
	EndGlobalSection
	GlobalSection(ProjectConfigurationPlatforms) = postSolution
		{085B3DF6-E112-4B13-B137-5FDA916D7D4B}.Debug|Any CPU.ActiveCfg = Debug|Any CPU
		{085B3DF6-E112-4B13-B137-5FDA916D7D4B}.Debug|Any CPU.Build.0 = Debug|Any CPU
		{085B3DF6-E112-4B13-B137-5FDA916D7D4B}.Release|Any CPU.ActiveCfg = Release|Any CPU
		{085B3DF6-E112-4B13-B137-5FDA916D7D4B}.Release|Any CPU.Build.0 = Release|Any CPU
		{24DDA43C-7740-4A64-947C-FA9D146E8DA4}.Debug|Any CPU.ActiveCfg = Debug|Any CPU
		{24DDA43C-7740-4A64-947C-FA9D146E8DA4}.Debug|Any CPU.Build.0 = Debug|Any CPU
		{24DDA43C-7740-4A64-947C-FA9D146E8DA4}.Release|Any CPU.ActiveCfg = Release|Any CPU
		{24DDA43C-7740-4A64-947C-FA9D146E8DA4}.Release|Any CPU.Build.0 = Release|Any CPU
	EndGlobalSection
	GlobalSection(SolutionProperties) = preSolution
		HideSolutionNode = FALSE
	EndGlobalSection
	GlobalSection(ExtensibilityGlobals) = postSolution
		SolutionGuid = {28F1613C-5076-4BCC-B337-2296F602CDAA}
	EndGlobalSection
EndGlobal
